
Microsoft Visual Studio Solution File, Format Version 12.00
# Visual Studio Version 17
VisualStudioVersion = 17.5.002.0
MinimumVisualStudioVersion = 10.0.40219.1
Project("{2150E333-8FDC-42A3-9474-1A3956D46DE8}") = "Back", "Back", "{10B08220-6118-4EED-96BE-6BA444D58C31}"
EndProject
Project("{2150E333-8FDC-42A3-9474-1A3956D46DE8}") = "src", "src", "{96BA858E-9D11-4C8C-84A3-DD223DC7D075}"
EndProject
Project("{9A19103F-16F7-4668-BE54-9A1E7A4F7556}") = "ProEventos.API", "Back\src\ProEventos.API\ProEventos.API.csproj", "{DFF2F6FC-3405-46D3-854E-D792099BE9A2}"
EndProject
Global
	GlobalSection(SolutionConfigurationPlatforms) = preSolution
		Debug|Any CPU = Debug|Any CPU
		Release|Any CPU = Release|Any CPU
	EndGlobalSection
	GlobalSection(ProjectConfigurationPlatforms) = postSolution
		{DFF2F6FC-3405-46D3-854E-D792099BE9A2}.Debug|Any CPU.ActiveCfg = Debug|Any CPU
		{DFF2F6FC-3405-46D3-854E-D792099BE9A2}.Debug|Any CPU.Build.0 = Debug|Any CPU
		{DFF2F6FC-3405-46D3-854E-D792099BE9A2}.Release|Any CPU.ActiveCfg = Release|Any CPU
		{DFF2F6FC-3405-46D3-854E-D792099BE9A2}.Release|Any CPU.Build.0 = Release|Any CPU
	EndGlobalSection
	GlobalSection(SolutionProperties) = preSolution
		HideSolutionNode = FALSE
	EndGlobalSection
	GlobalSection(NestedProjects) = preSolution
		{96BA858E-9D11-4C8C-84A3-DD223DC7D075} = {10B08220-6118-4EED-96BE-6BA444D58C31}
		{DFF2F6FC-3405-46D3-854E-D792099BE9A2} = {96BA858E-9D11-4C8C-84A3-DD223DC7D075}
	EndGlobalSection
	GlobalSection(ExtensibilityGlobals) = postSolution
		SolutionGuid = {7804E2D7-85F2-4469-8C78-EC8F80DF5D67}
	EndGlobalSection
EndGlobal
